dependencies:
- name: kennybank-common
  repository: file://../../kennybank-common
  version: 0.1.0
- name: configserver
  repository: file://../../kennybank-services/configserver
  version: 0.1.0
- name: eurekaserver
  repository: file://../../kennybank-services/eurekaserver
  version: 0.1.0
- name: accounts
  repository: file://../../kennybank-services/accounts
  version: 0.1.0
- name: cards
  repository: file://../../kennybank-services/cards
  version: 0.1.0
- name: loans
  repository: file://../../kennybank-services/loans
  version: 0.1.0
- name: gatewayserver
  repository: file://../../kennybank-services/gatewayserver
  version: 0.1.0
- name: message
  repository: file://../../kennybank-services/message
  version: 0.1.0
digest: sha256:6083c9f9e79e7c308c044c2b823db7156ea649b4ff3166d919766b154551a80f
generated: "2024-05-31T20:55:59.251749+08:00"
