dependencies:
- name: kennybank-common
  repository: file://../../kennybank-common
  version: 0.1.0
- name: configserver
  repository: file://../../kennybank-services/configserver
  version: 0.1.0
- name: accounts
  repository: file://../../kennybank-services/accounts
  version: 0.1.0
- name: cards
  repository: file://../../kennybank-services/cards
  version: 0.1.0
- name: loans
  repository: file://../../kennybank-services/loans
  version: 0.1.0
- name: gatewayserver
  repository: file://../../kennybank-services/gatewayserver
  version: 0.1.0
- name: message
  repository: file://../../kennybank-services/message
  version: 0.1.0
digest: sha256:d5510ba2953de9b7ebb418366a29bdd84a8b8267767529beaa08941d96c8a5c9
generated: "2024-06-04T23:03:07.9446872+08:00"
